
Microsoft Visual Studio Solution File, Format Version 12.00
# Visual Studio Version 16
VisualStudioVersion = 16.0.31313.79
MinimumVisualStudioVersion = 10.0.40219.1
Project("{FAE04EC0-301F-11D3-BF4B-00C04F79EFBC}") = "WeatherTest4", "WeatherTest4.csproj", "{3FD2F0BB-061C-4463-802B-2F1328EA28F6}"
EndProject
Global
	GlobalSection(SolutionConfigurationPlatforms) = preSolution
		Debug|Any CPU = Debug|Any CPU
		Release|Any CPU = Release|Any CPU
	EndGlobalSection
	GlobalSection(ProjectConfigurationPlatforms) = postSolution
		{3FD2F0BB-061C-4463-802B-2F1328EA28F6}.Debug|Any CPU.ActiveCfg = Debug|Any CPU
		{3FD2F0BB-061C-4463-802B-2F1328EA28F6}.Debug|Any CPU.Build.0 = Debug|Any CPU
		{3FD2F0BB-061C-4463-802B-2F1328EA28F6}.Release|Any CPU.ActiveCfg = Release|Any CPU
		{3FD2F0BB-061C-4463-802B-2F1328EA28F6}.Release|Any CPU.Build.0 = Release|Any CPU
	EndGlobalSection
	GlobalSection(SolutionProperties) = preSolution
		HideSolutionNode = FALSE
	EndGlobalSection
	GlobalSection(ExtensibilityGlobals) = postSolution
		SolutionGuid = {04DFCB84-B842-4A87-A95C-E6BDBFC66557}
	EndGlobalSection
EndGlobal
